
Microsoft Visual Studio Solution File, Format Version 12.00
# Visual Studio Version 16
VisualStudioVersion = 16.0.31205.134
MinimumVisualStudioVersion = 10.0.40219.1
Project("{2150E333-8FDC-42A3-9474-1A3956D46DE8}") = "Src", "Src", "{B11C7914-24A6-40A5-BC44-E61E99AC1007}"
EndProject
Project("{2150E333-8FDC-42A3-9474-1A3956D46DE8}") = "Tests", "Tests", "{DBA7B79B-AD22-4138-9BDC-2FFF959779ED}"
EndProject
Project("{2150E333-8FDC-42A3-9474-1A3956D46DE8}") = "Presentation", "Presentation", "{7252320E-17FB-4221-A5C8-E35F135C62F0}"
EndProject
Project("{2150E333-8FDC-42A3-9474-1A3956D46DE8}") = "Core", "Core", "{EBAE8123-38FA-4754-806C-A723A14F2D5E}"
EndProject
Project("{2150E333-8FDC-42A3-9474-1A3956D46DE8}") = "Infrastructure", "Infrastructure", "{D949D886-11D5-43B0-9FC0-FA55D5FA6286}"
EndProject
Project("{9A19103F-16F7-4668-BE54-9A1E7A4F7556}") = "WebApi", "Src\WebApi\WebApi.csproj", "{8441E965-F7AC-4148-8A3D-12EB94AED40D}"
EndProject
Project("{9A19103F-16F7-4668-BE54-9A1E7A4F7556}") = "Persistence", "Src\Persistence\Persistence.csproj", "{751CCD5B-B23A-4CAB-B6A8-2C516441B2DA}"
EndProject
Project("{9A19103F-16F7-4668-BE54-9A1E7A4F7556}") = "Infrastructure", "Src\Infrastructure\Infrastructure.csproj", "{28A0A249-562E-41B9-8D10-B68E0F15345F}"
EndProject
Project("{9A19103F-16F7-4668-BE54-9A1E7A4F7556}") = "Domain", "Src\Domain\Domain.csproj", "{EF3D62F5-34D6-44EC-ADCB-A9A75CB11970}"
EndProject
Project("{9A19103F-16F7-4668-BE54-9A1E7A4F7556}") = "Common", "Src\Common\Common.csproj", "{843D646F-6B2E-451D-8F04-CD27905D4D09}"
EndProject
Project("{9A19103F-16F7-4668-BE54-9A1E7A4F7556}") = "Application", "Src\Application\Application.csproj", "{C3B14F50-1275-44D4-9D13-3B3430009038}"
EndProject
Project("{9A19103F-16F7-4668-BE54-9A1E7A4F7556}") = "Persistence.IntegrationTests", "Tests\Persistence.IntegrationTests\Persistence.IntegrationTests.csproj", "{74BA1235-6FF3-45E8-8DBA-4FF5987FF54B}"
EndProject
Project("{9A19103F-16F7-4668-BE54-9A1E7A4F7556}") = "Application.UnitTests", "Tests\Application.UnitTests\Application.UnitTests.csproj", "{49B66B1E-5649-4989-B3F7-87760426ED7F}"
EndProject
Global
	GlobalSection(SolutionConfigurationPlatforms) = preSolution
		Debug|Any CPU = Debug|Any CPU
		Release|Any CPU = Release|Any CPU
	EndGlobalSection
	GlobalSection(ProjectConfigurationPlatforms) = postSolution
		{8441E965-F7AC-4148-8A3D-12EB94AED40D}.Debug|Any CPU.ActiveCfg = Debug|Any CPU
		{8441E965-F7AC-4148-8A3D-12EB94AED40D}.Debug|Any CPU.Build.0 = Debug|Any CPU
		{8441E965-F7AC-4148-8A3D-12EB94AED40D}.Release|Any CPU.ActiveCfg = Release|Any CPU
		{8441E965-F7AC-4148-8A3D-12EB94AED40D}.Release|Any CPU.Build.0 = Release|Any CPU
		{751CCD5B-B23A-4CAB-B6A8-2C516441B2DA}.Debug|Any CPU.ActiveCfg = Debug|Any CPU
		{751CCD5B-B23A-4CAB-B6A8-2C516441B2DA}.Debug|Any CPU.Build.0 = Debug|Any CPU
		{751CCD5B-B23A-4CAB-B6A8-2C516441B2DA}.Release|Any CPU.ActiveCfg = Release|Any CPU
		{751CCD5B-B23A-4CAB-B6A8-2C516441B2DA}.Release|Any CPU.Build.0 = Release|Any CPU
		{28A0A249-562E-41B9-8D10-B68E0F15345F}.Debug|Any CPU.ActiveCfg = Debug|Any CPU
		{28A0A249-562E-41B9-8D10-B68E0F15345F}.Debug|Any CPU.Build.0 = Debug|Any CPU
		{28A0A249-562E-41B9-8D10-B68E0F15345F}.Release|Any CPU.ActiveCfg = Release|Any CPU
		{28A0A249-562E-41B9-8D10-B68E0F15345F}.Release|Any CPU.Build.0 = Release|Any CPU
		{EF3D62F5-34D6-44EC-ADCB-A9A75CB11970}.Debug|Any CPU.ActiveCfg = Debug|Any CPU
		{EF3D62F5-34D6-44EC-ADCB-A9A75CB11970}.Debug|Any CPU.Build.0 = Debug|Any CPU
		{EF3D62F5-34D6-44EC-ADCB-A9A75CB11970}.Release|Any CPU.ActiveCfg = Release|Any CPU
		{EF3D62F5-34D6-44EC-ADCB-A9A75CB11970}.Release|Any CPU.Build.0 = Release|Any CPU
		{843D646F-6B2E-451D-8F04-CD27905D4D09}.Debug|Any CPU.ActiveCfg = Debug|Any CPU
		{843D646F-6B2E-451D-8F04-CD27905D4D09}.Debug|Any CPU.Build.0 = Debug|Any CPU
		{843D646F-6B2E-451D-8F04-CD27905D4D09}.Release|Any CPU.ActiveCfg = Release|Any CPU
		{843D646F-6B2E-451D-8F04-CD27905D4D09}.Release|Any CPU.Build.0 = Release|Any CPU
		{C3B14F50-1275-44D4-9D13-3B3430009038}.Debug|Any CPU.ActiveCfg = Debug|Any CPU
		{C3B14F50-1275-44D4-9D13-3B3430009038}.Debug|Any CPU.Build.0 = Debug|Any CPU
		{C3B14F50-1275-44D4-9D13-3B3430009038}.Release|Any CPU.ActiveCfg = Release|Any CPU
		{C3B14F50-1275-44D4-9D13-3B3430009038}.Release|Any CPU.Build.0 = Release|Any CPU
		{74BA1235-6FF3-45E8-8DBA-4FF5987FF54B}.Debug|Any CPU.ActiveCfg = Debug|Any CPU
		{74BA1235-6FF3-45E8-8DBA-4FF5987FF54B}.Debug|Any CPU.Build.0 = Debug|Any CPU
		{74BA1235-6FF3-45E8-8DBA-4FF5987FF54B}.Release|Any CPU.ActiveCfg = Release|Any CPU
		{74BA1235-6FF3-45E8-8DBA-4FF5987FF54B}.Release|Any CPU.Build.0 = Release|Any CPU
		{49B66B1E-5649-4989-B3F7-87760426ED7F}.Debug|Any CPU.ActiveCfg = Debug|Any CPU
		{49B66B1E-5649-4989-B3F7-87760426ED7F}.Debug|Any CPU.Build.0 = Debug|Any CPU
		{49B66B1E-5649-4989-B3F7-87760426ED7F}.Release|Any CPU.ActiveCfg = Release|Any CPU
		{49B66B1E-5649-4989-B3F7-87760426ED7F}.Release|Any CPU.Build.0 = Release|Any CPU
	EndGlobalSection
	GlobalSection(SolutionProperties) = preSolution
		HideSolutionNode = FALSE
	EndGlobalSection
	GlobalSection(NestedProjects) = preSolution
		{7252320E-17FB-4221-A5C8-E35F135C62F0} = {B11C7914-24A6-40A5-BC44-E61E99AC1007}
		{EBAE8123-38FA-4754-806C-A723A14F2D5E} = {B11C7914-24A6-40A5-BC44-E61E99AC1007}
		{D949D886-11D5-43B0-9FC0-FA55D5FA6286} = {B11C7914-24A6-40A5-BC44-E61E99AC1007}
		{8441E965-F7AC-4148-8A3D-12EB94AED40D} = {7252320E-17FB-4221-A5C8-E35F135C62F0}
		{751CCD5B-B23A-4CAB-B6A8-2C516441B2DA} = {D949D886-11D5-43B0-9FC0-FA55D5FA6286}
		{28A0A249-562E-41B9-8D10-B68E0F15345F} = {D949D886-11D5-43B0-9FC0-FA55D5FA6286}
		{EF3D62F5-34D6-44EC-ADCB-A9A75CB11970} = {EBAE8123-38FA-4754-806C-A723A14F2D5E}
		{843D646F-6B2E-451D-8F04-CD27905D4D09} = {EBAE8123-38FA-4754-806C-A723A14F2D5E}
		{C3B14F50-1275-44D4-9D13-3B3430009038} = {EBAE8123-38FA-4754-806C-A723A14F2D5E}
		{74BA1235-6FF3-45E8-8DBA-4FF5987FF54B} = {DBA7B79B-AD22-4138-9BDC-2FFF959779ED}
		{49B66B1E-5649-4989-B3F7-87760426ED7F} = {DBA7B79B-AD22-4138-9BDC-2FFF959779ED}
	EndGlobalSection
	GlobalSection(ExtensibilityGlobals) = postSolution
		SolutionGuid = {AD0CA943-4612-4FF4-968C-A8F0DF14C60C}
	EndGlobalSection
EndGlobal
